
Microsoft Visual Studio Solution File, Format Version 12.00
Project("{FAE04EC0-301F-11D3-BF4B-00C04F79EFBC}") = "BetterTicTacToe", "BetterTicTacToe\BetterTicTacToe.csproj", "{D05938F9-293F-41B1-BB87-F17F3190EC2E}"
EndProject
Project("{FAE04EC0-301F-11D3-BF4B-00C04F79EFBC}") = "BetterTicTacToe.Test", "BetterTicTacToe.Test\BetterTicTacToe.Test.csproj", "{4CF8AC9C-9404-4AD1-8BD0-1071FE832E95}"
EndProject
Global
	GlobalSection(SolutionConfigurationPlatforms) = preSolution
		Debug|Any CPU = Debug|Any CPU
		Release|Any CPU = Release|Any CPU
	EndGlobalSection
	GlobalSection(ProjectConfigurationPlatforms) = postSolution
		{D05938F9-293F-41B1-BB87-F17F3190EC2E}.Debug|Any CPU.ActiveCfg = Debug|Any CPU
		{D05938F9-293F-41B1-BB87-F17F3190EC2E}.Debug|Any CPU.Build.0 = Debug|Any CPU
		{D05938F9-293F-41B1-BB87-F17F3190EC2E}.Release|Any CPU.ActiveCfg = Release|Any CPU
		{D05938F9-293F-41B1-BB87-F17F3190EC2E}.Release|Any CPU.Build.0 = Release|Any CPU
		{4CF8AC9C-9404-4AD1-8BD0-1071FE832E95}.Debug|Any CPU.ActiveCfg = Debug|Any CPU
		{4CF8AC9C-9404-4AD1-8BD0-1071FE832E95}.Debug|Any CPU.Build.0 = Debug|Any CPU
		{4CF8AC9C-9404-4AD1-8BD0-1071FE832E95}.Release|Any CPU.ActiveCfg = Release|Any CPU
		{4CF8AC9C-9404-4AD1-8BD0-1071FE832E95}.Release|Any CPU.Build.0 = Release|Any CPU
	EndGlobalSection
EndGlobal
